# This file is autogenerated, do not edit; changes may be undone by the next 'dep ensure'.


[[projects]]
  branch = "master"
  name = "github.com/bsm/go-vlq"
  packages = ["."]
  revision = "ec6e8d4f5f4ec0f6e808ffc7f4dcc7516d4d7d49"

[[projects]]
  branch = "master"
  name = "github.com/btcsuite/btcd"
  packages = ["btcec","chaincfg","chaincfg/chainhash","txscript","wire"]
  revision = "a1d1ea70dd212a440beb9caa4b766a58d1ed0254"

[[projects]]
  branch = "master"
  name = "github.com/btcsuite/btclog"
  packages = ["."]
  revision = "84c8d2346e9fc8c7b947e243b9c24e6df9fd206a"

[[projects]]
  branch = "master"
  name = "github.com/btcsuite/btcutil"
  packages = [".","base58","bech32"]
  revision = "501929d3d046174c3d39f0ea54ece471aa17238c"

[[projects]]
  name = "github.com/json-iterator/go"
  packages = ["."]
  revision = "36b14963da70d11297d313183d7e6388c8510e1e"
  version = "1.0.0"

[[projects]]
  branch = "master"
  name = "github.com/tecbot/gorocksdb"
  packages = ["."]
  revision = "b9cb0d30eca790f5bcf524dd3beb715d6c8d1923"

[[projects]]
  branch = "master"
  name = "golang.org/x/crypto"
  packages = ["ripemd160"]
  revision = "81e90905daefcd6fd217b62423c0908922eadb30"

[solve-meta]
  analyzer-name = "dep"
  analyzer-version = 1
  inputs-digest = "827d405fafae0abd3b872001a1c24ad4e89a6302acd15d6eb1f3a5dfc6b18cdd"
  solver-name = "gps-cdcl"
  solver-version = 1
