# This file is autogenerated, do not edit; changes may be undone by the next 'dep ensure'.


[[projects]]
  branch = "master"
  name = "github.com/bsm/go-vlq"
  packages = ["."]
  revision = "ec6e8d4f5f4ec0f6e808ffc7f4dcc7516d4d7d49"

[[projects]]
  branch = "master"
  name = "github.com/btcsuite/btcd"
  packages = ["btcec","chaincfg","chaincfg/chainhash","txscript","wire"]
  revision = "a1d1ea70dd212a440beb9caa4b766a58d1ed0254"

[[projects]]
  branch = "master"
  name = "github.com/btcsuite/btclog"
  packages = ["."]
  revision = "84c8d2346e9fc8c7b947e243b9c24e6df9fd206a"

[[projects]]
  branch = "master"
  name = "github.com/btcsuite/btcutil"
  packages = [".","base58","bech32"]
  revision = "501929d3d046174c3d39f0ea54ece471aa17238c"

[[projects]]
  name = "github.com/pkg/profile"
  packages = ["."]
  revision = "5b67d428864e92711fcbd2f8629456121a56d91f"
  version = "v1.2.1"

[[projects]]
  branch = "master"
  name = "github.com/tecbot/gorocksdb"
  packages = ["."]
  revision = "b9cb0d30eca790f5bcf524dd3beb715d6c8d1923"

[[projects]]
  branch = "master"
  name = "golang.org/x/crypto"
  packages = ["ripemd160"]
  revision = "81e90905daefcd6fd217b62423c0908922eadb30"

[solve-meta]
  analyzer-name = "dep"
  analyzer-version = 1
  inputs-digest = "119cb8683257687e541ae944d0f3a29aa916bb81dcedd6a69a0f765fd8f1be9d"
  solver-name = "gps-cdcl"
  solver-version = 1
