github.com/bsm/go-vlq v0.0.0-20150828105119-ec6e8d4f5f4e h1:D64GF/Xr5zSUnM3q1Jylzo4sK7szhP/ON+nb2DB5XJA=
github.com/bsm/go-vlq v0.0.0-20150828105119-ec6e8d4f5f4e/go.mod h1:N+BjUcTjSxc2mtRGSCPsat1kze3CUtvJN3/jTXlp29k=
github.com/golang/glog v0.0.0-20160126235308-23def4e6c14b h1:VKtxabqXZkF25pY9ekfRL6a582T4P37/31XEstQ5p58=
github.com/golang/glog v0.0.0-20160126235308-23def4e6c14b/go.mod h1:SBH7ygxi8pfUlaOkMMuAQtPIUF8ecWP5IEl/CR7VP2Q=
github.com/juju/errors v0.0.0-20190930114154-d42613fe1ab9 h1:hJix6idebFclqlfZCHE7EUX7uqLCyb70nHNHH1XKGBg=
github.com/juju/errors v0.0.0-20190930114154-d42613fe1ab9/go.mod h1:W54LbzXuIE0boCoNJfwqpmkKJ1O4TCTZMetAt6jGk7Q=
github.com/tecbot/gorocksdb v0.0.0-20191217155057-f0fad39f321c h1:g+WoO5jjkqGAzHWCjJB1zZfXPIAaDpzXIEJ0eS6B5Ok=
github.com/tecbot/gorocksdb v0.0.0-20191217155057-f0fad39f321c/go.mod h1:ahpPrc7HpcfEWDQRZEmnXMzHY03mLDYMCxeDzy46i+8=
github.com/trezor/blockbook v0.3.1 h1:pHgFiKOxaHlbaVjOHxZQHwq2sAFofvo3vIo6zQSzZ4Q=
github.com/trezor/blockbook v0.3.1/go.mod h1:pKrQTS1wiwtInWGBQy4LH5bH54Ot99bd1Ny1NqkoDy8=
