# This file is autogenerated, do not edit; changes may be undone by the next 'dep ensure'.


[[projects]]
  branch = "master"
  name = "github.com/Groestlcoin/go-groestl-hash"
  packages = ["groestl","hash"]
  revision = "790653ac190c4029ee200e82a8f21b5d1afaf7d6"

[[projects]]
  branch = "master"
  name = "github.com/martinboehm/btcd"
  packages = ["btcec","chaincfg/chainhash","wire"]
  revision = "67e573d211ace594f1366b4ce9d39726c4b19bd0"

[[projects]]
  branch = "master"
  name = "github.com/btcsuite/btclog"
  packages = ["."]
  revision = "84c8d2346e9fc8c7b947e243b9c24e6df9fd206a"

[[projects]]
  branch = "master"
  name = "github.com/martinboehm/btcutil"
  packages = [".","base58","bech32","chaincfg","txscript"]
  revision = "224b76333062172edefdeb502123fdda12205f76"

[[projects]]
  branch = "master"
  name = "golang.org/x/crypto"
  packages = ["ripemd160"]
  revision = "0c41d7ab0a0ee717d4590a44bcb987dfd9e183eb"

[solve-meta]
  analyzer-name = "dep"
  analyzer-version = 1
  inputs-digest = "3aeda5d4024650aec24799fd6ce3eefbb5aa59f9a8115eb66a8056020e534e70"
  solver-name = "gps-cdcl"
  solver-version = 1
